// !$*UTF8*$!
{
	archiveVersion = 1;
	classes = {
	};
	objectVersion = 50;
	objects = {

/* Begin PBXBuildFile section */
		5E72F6CF20CCD7600036A542 /* DrawerComponent.h in Headers */ = {isa = PBXBuildFile; fileRef = 5E72F6CD20CCD7600036A542 /* DrawerComponent.h */; settings = {ATTRIBUTES = (Public, ); }; };
		5E72F6D820CF64D00036A542 /* DrawerComponentCoordinator.swift in Sources */ = {isa = PBXBuildFile; fileRef = 5E72F6D720CF64D00036A542 /* DrawerComponentCoordinator.swift */; };
		5E72F6DA20CF64F00036A542 /* DrawerRootViewController.swift in Sources */ = {isa = PBXBuildFile; fileRef = 5E72F6D920CF64F00036A542 /* DrawerRootViewController.swift */; };
		5E72F6DC20CF64FD0036A542 /* DrawerRootViewController.xib in Resources */ = {isa = PBXBuildFile; fileRef = 5E72F6DB20CF64FD0036A542 /* DrawerRootViewController.xib */; };
		5E72F6DF20CF68860036A542 /* DrawerState.swift in Sources */ = {isa = PBXBuildFile; fileRef = 5E72F6DE20CF68860036A542 /* DrawerState.swift */; };
		5E72F6E120CF68960036A542 /* DrawerComponentClosures.swift in Sources */ = {isa = PBXBuildFile; fileRef = 5E72F6E020CF68960036A542 /* DrawerComponentClosures.swift */; };
		5E72F6E320CF68A50036A542 /* DrawerInteraction.swift in Sources */ = {isa = PBXBuildFile; fileRef = 5E72F6E220CF68A50036A542 /* DrawerInteraction.swift */; };
		5E72F6E520CF68AB0036A542 /* DrawerEvents.swift in Sources */ = {isa = PBXBuildFile; fileRef = 5E72F6E420CF68AB0036A542 /* DrawerEvents.swift */; };
		5E72F6E720CF68BB0036A542 /* DrawerDataSource.swift in Sources */ = {isa = PBXBuildFile; fileRef = 5E72F6E620CF68BB0036A542 /* DrawerDataSource.swift */; };
		5E72F6E920CF69090036A542 /* DrawerConfigurable.swift in Sources */ = {isa = PBXBuildFile; fileRef = 5E72F6E820CF69090036A542 /* DrawerConfigurable.swift */; };
		5E72F6ED20CF738D0036A542 /* op131Extensions.framework in Frameworks */ = {isa = PBXBuildFile; fileRef = 5E72F6EC20CF738D0036A542 /* op131Extensions.framework */; };
		5E72F6EF20CF76910036A542 /* DrawerComponentPresenter.swift in Sources */ = {isa = PBXBuildFile; fileRef = 5E72F6EE20CF76910036A542 /* DrawerComponentPresenter.swift */; };
/* End PBXBuildFile section */

/* Begin PBXFileReference section */
		5E72F6CA20CCD7600036A542 /* DrawerComponent.framework */ = {isa = PBXFileReference; explicitFileType = wrapper.framework; includeInIndex = 0; path = DrawerComponent.framework; sourceTree = BUILT_PRODUCTS_DIR; };
		5E72F6CD20CCD7600036A542 /* DrawerComponent.h */ = {isa = PBXFileReference; lastKnownFileType = sourcecode.c.h; path = DrawerComponent.h; sourceTree = "<group>"; };
		5E72F6CE20CCD7600036A542 /* Info.plist */ = {isa = PBXFileReference; lastKnownFileType = text.plist.xml; path = Info.plist; sourceTree = "<group>"; };
		5E72F6D720CF64D00036A542 /* DrawerComponentCoordinator.swift */ = {isa = PBXFileReference; lastKnownFileType = sourcecode.swift; path = DrawerComponentCoordinator.swift; sourceTree = "<group>"; };
		5E72F6D920CF64F00036A542 /* DrawerRootViewController.swift */ = {isa = PBXFileReference; lastKnownFileType = sourcecode.swift; path = DrawerRootViewController.swift; sourceTree = "<group>"; };
		5E72F6DB20CF64FD0036A542 /* DrawerRootViewController.xib */ = {isa = PBXFileReference; lastKnownFileType = file.xib; path = DrawerRootViewController.xib; sourceTree = "<group>"; };
		5E72F6DE20CF68860036A542 /* DrawerState.swift */ = {isa = PBXFileReference; lastKnownFileType = sourcecode.swift; path = DrawerState.swift; sourceTree = "<group>"; };
		5E72F6E020CF68960036A542 /* DrawerComponentClosures.swift */ = {isa = PBXFileReference; lastKnownFileType = sourcecode.swift; path = DrawerComponentClosures.swift; sourceTree = "<group>"; };
		5E72F6E220CF68A50036A542 /* DrawerInteraction.swift */ = {isa = PBXFileReference; lastKnownFileType = sourcecode.swift; path = DrawerInteraction.swift; sourceTree = "<group>"; };
		5E72F6E420CF68AB0036A542 /* DrawerEvents.swift */ = {isa = PBXFileReference; lastKnownFileType = sourcecode.swift; path = DrawerEvents.swift; sourceTree = "<group>"; };
		5E72F6E620CF68BB0036A542 /* DrawerDataSource.swift */ = {isa = PBXFileReference; lastKnownFileType = sourcecode.swift; path = DrawerDataSource.swift; sourceTree = "<group>"; };
		5E72F6E820CF69090036A542 /* DrawerConfigurable.swift */ = {isa = PBXFileReference; lastKnownFileType = sourcecode.swift; path = DrawerConfigurable.swift; sourceTree = "<group>"; };
		5E72F6EC20CF738D0036A542 /* op131Extensions.framework */ = {isa = PBXFileReference; explicitFileType = wrapper.framework; path = op131Extensions.framework; sourceTree = BUILT_PRODUCTS_DIR; };
		5E72F6EE20CF76910036A542 /* DrawerComponentPresenter.swift */ = {isa = PBXFileReference; lastKnownFileType = sourcecode.swift; path = DrawerComponentPresenter.swift; sourceTree = "<group>"; };
/* End PBXFileReference section */

/* Begin PBXFrameworksBuildPhase section */
		5E72F6C620CCD7600036A542 /* Frameworks */ = {
			isa = PBXFrameworksBuildPhase;
			buildActionMask = 2147483647;
			files = (
				5E72F6ED20CF738D0036A542 /* op131Extensions.framework in Frameworks */,
			);
			runOnlyForDeploymentPostprocessing = 0;
		};
/* End PBXFrameworksBuildPhase section */

/* Begin PBXGroup section */
		5E72F6C020CCD7600036A542 = {
			isa = PBXGroup;
			children = (
				5E72F6CC20CCD7600036A542 /* DrawerComponent */,
				5E72F6EB20CF73550036A542 /* Frameworks */,
				5E72F6CB20CCD7600036A542 /* Products */,
			);
			sourceTree = "<group>";
		};
		5E72F6CB20CCD7600036A542 /* Products */ = {
			isa = PBXGroup;
			children = (
				5E72F6CA20CCD7600036A542 /* DrawerComponent.framework */,
			);
			name = Products;
			sourceTree = "<group>";
		};
		5E72F6CC20CCD7600036A542 /* DrawerComponent */ = {
			isa = PBXGroup;
			children = (
				5E72F6D520CF63E70036A542 /* Sources */,
				5E72F6CD20CCD7600036A542 /* DrawerComponent.h */,
				5E72F6CE20CCD7600036A542 /* Info.plist */,
			);
			path = DrawerComponent;
			sourceTree = "<group>";
		};
		5E72F6D520CF63E70036A542 /* Sources */ = {
			isa = PBXGroup;
			children = (
				5E72F6DD20CF68600036A542 /* DrawerComponentTypes */,
				5E72F6D620CF64A60036A542 /* Root */,
			);
			path = Sources;
			sourceTree = "<group>";
		};
		5E72F6D620CF64A60036A542 /* Root */ = {
			isa = PBXGroup;
			children = (
				5E72F6D720CF64D00036A542 /* DrawerComponentCoordinator.swift */,
				5E72F6EE20CF76910036A542 /* DrawerComponentPresenter.swift */,
				5E72F6D920CF64F00036A542 /* DrawerRootViewController.swift */,
				5E72F6DB20CF64FD0036A542 /* DrawerRootViewController.xib */,
			);
			path = Root;
			sourceTree = "<group>";
		};
		5E72F6DD20CF68600036A542 /* DrawerComponentTypes */ = {
			isa = PBXGroup;
			children = (
				5E72F6DE20CF68860036A542 /* DrawerState.swift */,
				5E72F6E020CF68960036A542 /* DrawerComponentClosures.swift */,
				5E72F6E220CF68A50036A542 /* DrawerInteraction.swift */,
				5E72F6E420CF68AB0036A542 /* DrawerEvents.swift */,
				5E72F6E620CF68BB0036A542 /* DrawerDataSource.swift */,
				5E72F6E820CF69090036A542 /* DrawerConfigurable.swift */,
			);
			path = DrawerComponentTypes;
			sourceTree = "<group>";
		};
		5E72F6EB20CF73550036A542 /* Frameworks */ = {
			isa = PBXGroup;
			children = (
				5E72F6EC20CF738D0036A542 /* op131Extensions.framework */,
			);
			path = Frameworks;
			sourceTree = "<group>";
		};
/* End PBXGroup section */

/* Begin PBXHeadersBuildPhase section */
		5E72F6C720CCD7600036A542 /* Headers */ = {
			isa = PBXHeadersBuildPhase;
			buildActionMask = 2147483647;
			files = (
				5E72F6CF20CCD7600036A542 /* DrawerComponent.h in Headers */,
			);
			runOnlyForDeploymentPostprocessing = 0;
		};
/* End PBXHeadersBuildPhase section */

/* Begin PBXNativeTarget section */
		5E72F6C920CCD7600036A542 /* DrawerComponent */ = {
			isa = PBXNativeTarget;
			buildConfigurationList = 5E72F6D220CCD7600036A542 /* Build configuration list for PBXNativeTarget "DrawerComponent" */;
			buildPhases = (
				5E72F6C520CCD7600036A542 /* Sources */,
				5E72F6C620CCD7600036A542 /* Frameworks */,
				5E72F6C720CCD7600036A542 /* Headers */,
				5E72F6C820CCD7600036A542 /* Resources */,
			);
			buildRules = (
			);
			dependencies = (
			);
			name = DrawerComponent;
			productName = DrawerComponent;
			productReference = 5E72F6CA20CCD7600036A542 /* DrawerComponent.framework */;
			productType = "com.apple.product-type.framework";
		};
/* End PBXNativeTarget section */

/* Begin PBXProject section */
		5E72F6C120CCD7600036A542 /* Project object */ = {
			isa = PBXProject;
			attributes = {
				LastUpgradeCheck = 0930;
				ORGANIZATIONNAME = "operation thirteenOne";
				TargetAttributes = {
					5E72F6C920CCD7600036A542 = {
						CreatedOnToolsVersion = 9.3;
						LastSwiftMigration = 0930;
					};
				};
			};
			buildConfigurationList = 5E72F6C420CCD7600036A542 /* Build configuration list for PBXProject "DrawerComponent" */;
			compatibilityVersion = "Xcode 9.3";
			developmentRegion = en;
			hasScannedForEncodings = 0;
			knownRegions = (
				en,
			);
			mainGroup = 5E72F6C020CCD7600036A542;
			productRefGroup = 5E72F6CB20CCD7600036A542 /* Products */;
			projectDirPath = "";
			projectRoot = "";
			targets = (
				5E72F6C920CCD7600036A542 /* DrawerComponent */,
			);
		};
/* End PBXProject section */

/* Begin PBXResourcesBuildPhase section */
		5E72F6C820CCD7600036A542 /* Resources */ = {
			isa = PBXResourcesBuildPhase;
			buildActionMask = 2147483647;
			files = (
				5E72F6DC20CF64FD0036A542 /* DrawerRootViewController.xib in Resources */,
			);
			runOnlyForDeploymentPostprocessing = 0;
		};
/* End PBXResourcesBuildPhase section */

/* Begin PBXSourcesBuildPhase section */
		5E72F6C520CCD7600036A542 /* Sources */ = {
			isa = PBXSourcesBuildPhase;
			buildActionMask = 2147483647;
			files = (
				5E72F6E120CF68960036A542 /* DrawerComponentClosures.swift in Sources */,
				5E72F6E920CF69090036A542 /* DrawerConfigurable.swift in Sources */,
				5E72F6DF20CF68860036A542 /* DrawerState.swift in Sources */,
				5E72F6E720CF68BB0036A542 /* DrawerDataSource.swift in Sources */,
				5E72F6D820CF64D00036A542 /* DrawerComponentCoordinator.swift in Sources */,
				5E72F6E320CF68A50036A542 /* DrawerInteraction.swift in Sources */,
				5E72F6EF20CF76910036A542 /* DrawerComponentPresenter.swift in Sources */,
				5E72F6DA20CF64F00036A542 /* DrawerRootViewController.swift in Sources */,
				5E72F6E520CF68AB0036A542 /* DrawerEvents.swift in Sources */,
			);
			runOnlyForDeploymentPostprocessing = 0;
		};
/* End PBXSourcesBuildPhase section */

/* Begin XCBuildConfiguration section */
		5E72F6D020CCD7600036A542 /* Debug */ = {
			isa = XCBuildConfiguration;
			buildSettings = {
				ALWAYS_SEARCH_USER_PATHS = NO;
				CLANG_ANALYZER_NONNULL = YES;
				CLANG_ANALYZER_NUMBER_OBJECT_CONVERSION = YES_AGGRESSIVE;
				CLANG_CXX_LANGUAGE_STANDARD = "gnu++14";
				CLANG_CXX_LIBRARY = "libc++";
				CLANG_ENABLE_MODULES = YES;
				CLANG_ENABLE_OBJC_ARC = YES;
				CLANG_ENABLE_OBJC_WEAK = YES;
				CLANG_WARN_BLOCK_CAPTURE_AUTORELEASING = YES;
				CLANG_WARN_BOOL_CONVERSION = YES;
				CLANG_WARN_COMMA = YES;
				CLANG_WARN_CONSTANT_CONVERSION = YES;
				CLANG_WARN_DEPRECATED_OBJC_IMPLEMENTATIONS = YES;
				CLANG_WARN_DIRECT_OBJC_ISA_USAGE = YES_ERROR;
				CLANG_WARN_DOCUMENTATION_COMMENTS = YES;
				CLANG_WARN_EMPTY_BODY = YES;
				CLANG_WARN_ENUM_CONVERSION = YES;
				CLANG_WARN_INFINITE_RECURSION = YES;
				CLANG_WARN_INT_CONVERSION = YES;
				CLANG_WARN_NON_LITERAL_NULL_CONVERSION = YES;
				CLANG_WARN_OBJC_IMPLICIT_RETAIN_SELF = YES;
				CLANG_WARN_OBJC_LITERAL_CONVERSION = YES;
				CLANG_WARN_OBJC_ROOT_CLASS = YES_ERROR;
				CLANG_WARN_RANGE_LOOP_ANALYSIS = YES;
				CLANG_WARN_STRICT_PROTOTYPES = YES;
				CLANG_WARN_SUSPICIOUS_MOVE = YES;
				CLANG_WARN_UNGUARDED_AVAILABILITY = YES_AGGRESSIVE;
				CLANG_WARN_UNREACHABLE_CODE = YES;
				CLANG_WARN__DUPLICATE_METHOD_MATCH = YES;
				CODE_SIGN_IDENTITY = "iPhone Developer";
				COPY_PHASE_STRIP = NO;
				CURRENT_PROJECT_VERSION = 1;
				DEBUG_INFORMATION_FORMAT = dwarf;
				ENABLE_STRICT_OBJC_MSGSEND = YES;
				ENABLE_TESTABILITY = YES;
				GCC_C_LANGUAGE_STANDARD = gnu11;
				GCC_DYNAMIC_NO_PIC = NO;
				GCC_NO_COMMON_BLOCKS = YES;
				GCC_OPTIMIZATION_LEVEL = 0;
				GCC_PREPROCESSOR_DEFINITIONS = (
					"DEBUG=1",
					"$(inherited)",
				);
				GCC_WARN_64_TO_32_BIT_CONVERSION = YES;
				GCC_WARN_ABOUT_RETURN_TYPE = YES_ERROR;
				GCC_WARN_UNDECLARED_SELECTOR = YES;
				GCC_WARN_UNINITIALIZED_AUTOS = YES_AGGRESSIVE;
				GCC_WARN_UNUSED_FUNCTION = YES;
				GCC_WARN_UNUSED_VARIABLE = YES;
				IPHONEOS_DEPLOYMENT_TARGET = 11.3;
				MTL_ENABLE_DEBUG_INFO = YES;
				ONLY_ACTIVE_ARCH = YES;
				SDKROOT = iphoneos;
				SWIFT_ACTIVE_COMPILATION_CONDITIONS = DEBUG;
				SWIFT_OPTIMIZATION_LEVEL = "-Onone";
				VERSIONING_SYSTEM = "apple-generic";
				VERSION_INFO_PREFIX = "";
			};
			name = Debug;
		};
		5E72F6D120CCD7600036A542 /* Release */ = {
			isa = XCBuildConfiguration;
			buildSettings = {
				ALWAYS_SEARCH_USER_PATHS = NO;
				CLANG_ANALYZER_NONNULL = YES;
				CLANG_ANALYZER_NUMBER_OBJECT_CONVERSION = YES_AGGRESSIVE;
				CLANG_CXX_LANGUAGE_STANDARD = "gnu++14";
				CLANG_CXX_LIBRARY = "libc++";
				CLANG_ENABLE_MODULES = YES;
				CLANG_ENABLE_OBJC_ARC = YES;
				CLANG_ENABLE_OBJC_WEAK = YES;
				CLANG_WARN_BLOCK_CAPTURE_AUTORELEASING = YES;
				CLANG_WARN_BOOL_CONVERSION = YES;
				CLANG_WARN_COMMA = YES;
				CLANG_WARN_CONSTANT_CONVERSION = YES;
				CLANG_WARN_DEPRECATED_OBJC_IMPLEMENTATIONS = YES;
				CLANG_WARN_DIRECT_OBJC_ISA_USAGE = YES_ERROR;
				CLANG_WARN_DOCUMENTATION_COMMENTS = YES;
				CLANG_WARN_EMPTY_BODY = YES;
				CLANG_WARN_ENUM_CONVERSION = YES;
				CLANG_WARN_INFINITE_RECURSION = YES;
				CLANG_WARN_INT_CONVERSION = YES;
				CLANG_WARN_NON_LITERAL_NULL_CONVERSION = YES;
				CLANG_WARN_OBJC_IMPLICIT_RETAIN_SELF = YES;
				CLANG_WARN_OBJC_LITERAL_CONVERSION = YES;
				CLANG_WARN_OBJC_ROOT_CLASS = YES_ERROR;
				CLANG_WARN_RANGE_LOOP_ANALYSIS = YES;
				CLANG_WARN_STRICT_PROTOTYPES = YES;
				CLANG_WARN_SUSPICIOUS_MOVE = YES;
				CLANG_WARN_UNGUARDED_AVAILABILITY = YES_AGGRESSIVE;
				CLANG_WARN_UNREACHABLE_CODE = YES;
				CLANG_WARN__DUPLICATE_METHOD_MATCH = YES;
				CODE_SIGN_IDENTITY = "iPhone Developer";
				COPY_PHASE_STRIP = NO;
				CURRENT_PROJECT_VERSION = 1;
				DEBUG_INFORMATION_FORMAT = "dwarf-with-dsym";
				ENABLE_NS_ASSERTIONS = NO;
				ENABLE_STRICT_OBJC_MSGSEND = YES;
				GCC_C_LANGUAGE_STANDARD = gnu11;
				GCC_NO_COMMON_BLOCKS = YES;
				GCC_WARN_64_TO_32_BIT_CONVERSION = YES;
				GCC_WARN_ABOUT_RETURN_TYPE = YES_ERROR;
				GCC_WARN_UNDECLARED_SELECTOR = YES;
				GCC_WARN_UNINITIALIZED_AUTOS = YES_AGGRESSIVE;
				GCC_WARN_UNUSED_FUNCTION = YES;
				GCC_WARN_UNUSED_VARIABLE = YES;
				IPHONEOS_DEPLOYMENT_TARGET = 11.3;
				MTL_ENABLE_DEBUG_INFO = NO;
				SDKROOT = iphoneos;
				SWIFT_COMPILATION_MODE = wholemodule;
				SWIFT_OPTIMIZATION_LEVEL = "-O";
				VALIDATE_PRODUCT = YES;
				VERSIONING_SYSTEM = "apple-generic";
				VERSION_INFO_PREFIX = "";
			};
			name = Release;
		};
		5E72F6D320CCD7600036A542 /* Debug */ = {
			isa = XCBuildConfiguration;
			buildSettings = {
				CLANG_ENABLE_MODULES = YES;
				CODE_SIGN_IDENTITY = "";
				CODE_SIGN_STYLE = Automatic;
				DEFINES_MODULE = YES;
				DEVELOPMENT_TEAM = L26E58LG2M;
				DYLIB_COMPATIBILITY_VERSION = 1;
				DYLIB_CURRENT_VERSION = 1;
				DYLIB_INSTALL_NAME_BASE = "@rpath";
				INFOPLIST_FILE = DrawerComponent/Info.plist;
				INSTALL_PATH = "$(LOCAL_LIBRARY_DIR)/Frameworks";
				LD_RUNPATH_SEARCH_PATHS = (
					"$(inherited)",
					"@executable_path/Frameworks",
					"@loader_path/Frameworks",
				);
				PRODUCT_BUNDLE_IDENTIFIER = com.op131.DrawerComponent;
				PRODUCT_NAME = "$(TARGET_NAME:c99extidentifier)";
				SKIP_INSTALL = YES;
				SWIFT_OPTIMIZATION_LEVEL = "-Onone";
				SWIFT_VERSION = 4.0;
				TARGETED_DEVICE_FAMILY = "1,2";
			};
			name = Debug;
		};
		5E72F6D420CCD7600036A542 /* Release */ = {
			isa = XCBuildConfiguration;
			buildSettings = {
				CLANG_ENABLE_MODULES = YES;
				CODE_SIGN_IDENTITY = "";
				CODE_SIGN_STYLE = Automatic;
				DEFINES_MODULE = YES;
				DEVELOPMENT_TEAM = L26E58LG2M;
				DYLIB_COMPATIBILITY_VERSION = 1;
				DYLIB_CURRENT_VERSION = 1;
				DYLIB_INSTALL_NAME_BASE = "@rpath";
				INFOPLIST_FILE = DrawerComponent/Info.plist;
				INSTALL_PATH = "$(LOCAL_LIBRARY_DIR)/Frameworks";
				LD_RUNPATH_SEARCH_PATHS = (
					"$(inherited)",
					"@executable_path/Frameworks",
					"@loader_path/Frameworks",
				);
				PRODUCT_BUNDLE_IDENTIFIER = com.op131.DrawerComponent;
				PRODUCT_NAME = "$(TARGET_NAME:c99extidentifier)";
				SKIP_INSTALL = YES;
				SWIFT_VERSION = 4.0;
				TARGETED_DEVICE_FAMILY = "1,2";
			};
			name = Release;
		};
/* End XCBuildConfiguration section */

/* Begin XCConfigurationList section */
		5E72F6C420CCD7600036A542 /* Build configuration list for PBXProject "DrawerComponent" */ = {
			isa = XCConfigurationList;
			buildConfigurations = (
				5E72F6D020CCD7600036A542 /* Debug */,
				5E72F6D120CCD7600036A542 /* Release */,
			);
			defaultConfigurationIsVisible = 0;
			defaultConfigurationName = Release;
		};
		5E72F6D220CCD7600036A542 /* Build configuration list for PBXNativeTarget "DrawerComponent" */ = {
			isa = XCConfigurationList;
			buildConfigurations = (
				5E72F6D320CCD7600036A542 /* Debug */,
				5E72F6D420CCD7600036A542 /* Release */,
			);
			defaultConfigurationIsVisible = 0;
			defaultConfigurationName = Release;
		};
/* End XCConfigurationList section */
	};
	rootObject = 5E72F6C120CCD7600036A542 /* Project object */;
}
